// !$*UTF8*$!
{
	archiveVersion = 1;
	classes = {
	};
	objectVersion = 77;
	objects = {

/* Begin PBXBuildFile section */
		0588AE9771065618881C0E93 /* GoogleSignIn in Frameworks */ = {isa = PBXBuildFile; productRef = 857FB15776A245EB9A38269B /* GoogleSignIn */; };
		136AC32513158E08696DC873 /* KeychainStore.swift in Sources */ = {isa = PBXBuildFile; fileRef = 71D2CD03C505852232A3F2D4 /* KeychainStore.swift */; };
		1483BCD2E8B4E6D27DF9F17F /* PaywallView.swift in Sources */ = {isa = PBXBuildFile; fileRef = 12A32AE02BDB60B6989FF642 /* PaywallView.swift */; };
		20FE893E0EFCA13B883DF841 /* AccountSheetView.swift in Sources */ = {isa = PBXBuildFile; fileRef = B487483A751244459C7E9FEB /* AccountSheetView.swift */; };
		2253029819B58D4A657F58E3 /* Seasons.storekit in Resources */ = {isa = PBXBuildFile; fileRef = 4E610B0F0193CE4EDEB611A1 /* Seasons.storekit */; };
		288BD196422FBD4A58BC2010 /* CarbonViewModel.swift in Sources */ = {isa = PBXBuildFile; fileRef = 8CD62714559824FD325A5267 /* CarbonViewModel.swift */; };
		2F7D028940CEAAC677B951C2 /* RecipeDataService.swift in Sources */ = {isa = PBXBuildFile; fileRef = F86F645F22F676E517E64A4C /* RecipeDataService.swift */; };
		30F18C7F80CA51951236778B /* seasonal_produce.json in Resources */ = {isa = PBXBuildFile; fileRef = 5025B505F192EF3770436698 /* seasonal_produce.json */; };
		33CC745C7FB9B37608E7AB53 /* recipes.json in Resources */ = {isa = PBXBuildFile; fileRef = 5971522E2DC6297DEC19CA2C /* recipes.json */; };
		39809872D5DDEACF2701B8CB /* KeychainStoreTests.swift in Sources */ = {isa = PBXBuildFile; fileRef = 46E3B5C8BB89FDF2ACD1A0C3 /* KeychainStoreTests.swift */; };
		39E9405E29319FA1CDEEAB7A /* SyncClient.swift in Sources */ = {isa = PBXBuildFile; fileRef = 0937E7CE31F20B3C95A49130 /* SyncClient.swift */; };
		3D99F56C57E1990A1EC441A6 /* ProduceDataService.swift in Sources */ = {isa = PBXBuildFile; fileRef = E5CD2D5D8B90A901C7DB128B /* ProduceDataService.swift */; };
		52B1B114900685CACD6AE14E /* OnboardingView.swift in Sources */ = {isa = PBXBuildFile; fileRef = BEA7C4743FB995BD994F76CD /* OnboardingView.swift */; };
		5718A07630D51967644A12A0 /* RemoteModels.swift in Sources */ = {isa = PBXBuildFile; fileRef = 708D6202C60D11E0BBB57D51 /* RemoteModels.swift */; };
		5FEB023924A216D00230AEDE /* ContentView.swift in Sources */ = {isa = PBXBuildFile; fileRef = 34A431D3659A448763968F32 /* ContentView.swift */; };
		637005635CFC59FFA52ACA65 /* SyncService.swift in Sources */ = {isa = PBXBuildFile; fileRef = 7A6136C6EC6FEAF72CDA83BF /* SyncService.swift */; };
		6DF03A54366D79295E609025 /* PendingSyncDeletion.swift in Sources */ = {isa = PBXBuildFile; fileRef = C097DF06DD7D6AC0D249D5CB /* PendingSyncDeletion.swift */; };
		70CDDBFD513B3116765BDAD5 /* GrowingRegion.swift in Sources */ = {isa = PBXBuildFile; fileRef = 61248354345EA0B70D324011 /* GrowingRegion.swift */; };
		71C0A5D5C55F1B5371FF9D97 /* SyncCoordinatorTests.swift in Sources */ = {isa = PBXBuildFile; fileRef = D66A7EFC1896E04E1708CE29 /* SyncCoordinatorTests.swift */; };
		758FB75E82065D8019370BB1 /* Color+Season.swift in Sources */ = {isa = PBXBuildFile; fileRef = A35B4498BC60A12BD10B1CE5 /* Color+Season.swift */; };
		79478CDB53918D754AB5ACA2 /* SettingsView.swift in Sources */ = {isa = PBXBuildFile; fileRef = 63B9B6D9053AC530ED4A5A3A /* SettingsView.swift */; };
		7A47C86451707D1ACB5CB4F5 /* SeasonsTests.swift in Sources */ = {isa = PBXBuildFile; fileRef = EA8E7C60B4CE3060ABFF65EF /* SeasonsTests.swift */; };
		8232D28378BBE446A92C0C91 /* Preview Assets.xcassets in Resources */ = {isa = PBXBuildFile; fileRef = 1216D2423EFA9EED169DF5A8 /* Preview Assets.xcassets */; };
		888C374CC0CDB0607ED4B082 /* SyncBannerView.swift in Sources */ = {isa = PBXBuildFile; fileRef = C9FC51A5C4DF9547F7AEDD77 /* SyncBannerView.swift */; };
		8C725E77655468FC0A8DA957 /* Recipe.swift in Sources */ = {isa = PBXBuildFile; fileRef = D7E05496A2FB0CE108A6077A /* Recipe.swift */; };
		90DE4814BB481DFC5489D0A8 /* SeasonalViewModel.swift in Sources */ = {isa = PBXBuildFile; fileRef = AB627591CF760800E4C36C8C /* SeasonalViewModel.swift */; };
		9910713D528887191C2A797B /* Assets.xcassets in Resources */ = {isa = PBXBuildFile; fileRef = 2FC4D33C4A051977B5BA0A28 /* Assets.xcassets */; };
		9CBF5CD5CDCCC6DA967F065D /* NavigationDestination.swift in Sources */ = {isa = PBXBuildFile; fileRef = 04520019B8C49FE4EF3011A0 /* NavigationDestination.swift */; };
		A183E3C83FA8D17F68ABE10F /* RemoteModelsTests.swift in Sources */ = {isa = PBXBuildFile; fileRef = 4A7F7CDB2BD9A3043DBC4215 /* RemoteModelsTests.swift */; };
		AAC50506F5682CA6184FB15E /* AuthServiceTests.swift in Sources */ = {isa = PBXBuildFile; fileRef = 3AFBF1CCE5AABF0FE33BB49F /* AuthServiceTests.swift */; };
		ABE5DB2AA7E91C21401E7A9A /* LocationService.swift in Sources */ = {isa = PBXBuildFile; fileRef = 80EB122F1746918E347DC8DB /* LocationService.swift */; };
		B414138C4536F486CA5713A6 /* Supabase in Frameworks */ = {isa = PBXBuildFile; productRef = CF116A19B91B1DCDC63B0494 /* Supabase */; };
		B8678C9055AF49249D6A6E01 /* RecipeViewModel.swift in Sources */ = {isa = PBXBuildFile; fileRef = AEB628DF02FE5E0CE1D013D8 /* RecipeViewModel.swift */; };
		B86AB07BE747D0EFF2A99761 /* SubscriptionService.swift in Sources */ = {isa = PBXBuildFile; fileRef = 89B2C032D8397B5B5AE9D382 /* SubscriptionService.swift */; };
		BF431292B3EC1FD04DC8E232 /* SubscriptionServiceTests.swift in Sources */ = {isa = PBXBuildFile; fileRef = BDF7BED1E6B94D5B666CE1D9 /* SubscriptionServiceTests.swift */; };
		BFEB699FBA9C555A50ADC19D /* ModelTests.swift in Sources */ = {isa = PBXBuildFile; fileRef = AB087E9C8CAD0BB1BA424AF1 /* ModelTests.swift */; };
		C5725AD8B95F7AE63CD1460A /* SupabaseConfig.swift.template in Resources */ = {isa = PBXBuildFile; fileRef = D819519680457F3F6E0200FD /* SupabaseConfig.swift.template */; };
		C5DE6B5055400A93131A07A9 /* SupabaseConfig.swift in Sources */ = {isa = PBXBuildFile; fileRef = 1A6C7D46BF78E6717711A72A /* SupabaseConfig.swift */; };
		C6C0FA97C4C329865B63D350 /* SeasonsApp.swift in Sources */ = {isa = PBXBuildFile; fileRef = A4DAC01483B03B870BCBB319 /* SeasonsApp.swift */; };
		C85E98C79F0D3075F5CFAFC0 /* CarbonCalculationService.swift in Sources */ = {isa = PBXBuildFile; fileRef = 2A6873E7747B1936F8D79C9F /* CarbonCalculationService.swift */; };
		D2EB071C55829FC80E72117C /* RecipeDetailView.swift in Sources */ = {isa = PBXBuildFile; fileRef = C9ED451C77364A5B4F8CCDF2 /* RecipeDetailView.swift */; };
		D650F3A6C8762275986DBC43 /* CarbonDashboardView.swift in Sources */ = {isa = PBXBuildFile; fileRef = 1E17A712F3CD17A2FB64BCDF /* CarbonDashboardView.swift */; };
		D676C924FCAA0320A5ADCB8E /* CarbonLog.swift in Sources */ = {isa = PBXBuildFile; fileRef = 492DE4386D05BAA3293DCEF5 /* CarbonLog.swift */; };
		DA8E085386BA8F2A45809795 /* ProduceDetailView.swift in Sources */ = {isa = PBXBuildFile; fileRef = 5212FBF28BECFDD8B1F8E60E /* ProduceDetailView.swift */; };
		E007C79E8726379189E3E6B1 /* ViewModelTests.swift in Sources */ = {isa = PBXBuildFile; fileRef = 8CA4641E5D7540B63E0A572C /* ViewModelTests.swift */; };
		E07BDCF27688B6A7F0EBE1B6 /* ServiceTests.swift in Sources */ = {isa = PBXBuildFile; fileRef = 08733E4A7CD4D4DCAEAB9802 /* ServiceTests.swift */; };
		E28911C15C1C1870B686DBC1 /* SeasonalListView.swift in Sources */ = {isa = PBXBuildFile; fileRef = 3978E20E8E93D08EEDF43C6F /* SeasonalListView.swift */; };
		E3C222853915FAC287603111 /* FavoritesService.swift in Sources */ = {isa = PBXBuildFile; fileRef = D1C7384C6DCA84B4B546B007 /* FavoritesService.swift */; };
		EA2E89B9E5F92C83F1ED42D5 /* SyncCoordinator.swift in Sources */ = {isa = PBXBuildFile; fileRef = 6E79483F95F9390299084BF1 /* SyncCoordinator.swift */; };
		EAF7BB11F179A36B2FCA2E87 /* LocationServiceTests.swift in Sources */ = {isa = PBXBuildFile; fileRef = D62F59601C371945158E6F1C /* LocationServiceTests.swift */; };
		ED67FEC7DED5FB64C5E9C32F /* RecipeListView.swift in Sources */ = {isa = PBXBuildFile; fileRef = 314310D7D1156CE2CE3195D3 /* RecipeListView.swift */; };
		EDDC97A5F96029920490F0D6 /* AuthService.swift in Sources */ = {isa = PBXBuildFile; fileRef = C02A09A7DFBC32870132756A /* AuthService.swift */; };
		F0E586CC30B1AFA911B818E4 /* SupabaseSyncClient.swift in Sources */ = {isa = PBXBuildFile; fileRef = 1A9FBD89DB688FAD90B5AB17 /* SupabaseSyncClient.swift */; };
		F2AE5B63C3AAF24F39CD98B4 /* DataIntegrityTests.swift in Sources */ = {isa = PBXBuildFile; fileRef = AEEC1DF9C67B33B7326B5A12 /* DataIntegrityTests.swift */; };
		F415095FF8CA8F90C4DA28BD /* SyncServiceTests.swift in Sources */ = {isa = PBXBuildFile; fileRef = 00563252469BE1B66FCE36A9 /* SyncServiceTests.swift */; };
		FC73A734A30796376101E015 /* ProduceItem.swift in Sources */ = {isa = PBXBuildFile; fileRef = 077A905650B5FD70C2F9D4B1 /* ProduceItem.swift */; };
		FDB3891AD6A02BEAD50B2FF5 /* Favorite.swift in Sources */ = {isa = PBXBuildFile; fileRef = 2A5805E3D492EC51C4DE4BD5 /* Favorite.swift */; };
/* End PBXBuildFile section */

/* Begin PBXContainerItemProxy section */
		F0663E2BFC0B88CEEBC96878 /* PBXContainerItemProxy */ = {
			isa = PBXContainerItemProxy;
			containerPortal = 95B31B9ED023EE48C1256168 /* Project object */;
			proxyType = 1;
			remoteGlobalIDString = 3E202D5A8ED3C7256D696BB1;
			remoteInfo = Seasons;
		};
/* End PBXContainerItemProxy section */

/* Begin PBXFileReference section */
		00563252469BE1B66FCE36A9 /* SyncServiceTests.swift */ = {isa = PBXFileReference; lastKnownFileType = sourcecode.swift; path = SyncServiceTests.swift; sourceTree = "<group>"; };
		04520019B8C49FE4EF3011A0 /* NavigationDestination.swift */ = {isa = PBXFileReference; lastKnownFileType = sourcecode.swift; path = NavigationDestination.swift; sourceTree = "<group>"; };
		077A905650B5FD70C2F9D4B1 /* ProduceItem.swift */ = {isa = PBXFileReference; lastKnownFileType = sourcecode.swift; path = ProduceItem.swift; sourceTree = "<group>"; };
		08733E4A7CD4D4DCAEAB9802 /* ServiceTests.swift */ = {isa = PBXFileReference; lastKnownFileType = sourcecode.swift; path = ServiceTests.swift; sourceTree = "<group>"; };
		0937E7CE31F20B3C95A49130 /* SyncClient.swift */ = {isa = PBXFileReference; lastKnownFileType = sourcecode.swift; path = SyncClient.swift; sourceTree = "<group>"; };
		1216D2423EFA9EED169DF5A8 /* Preview Assets.xcassets */ = {isa = PBXFileReference; lastKnownFileType = folder.assetcatalog; path = "Preview Assets.xcassets"; sourceTree = "<group>"; };
		12A32AE02BDB60B6989FF642 /* PaywallView.swift */ = {isa = PBXFileReference; lastKnownFileType = sourcecode.swift; path = PaywallView.swift; sourceTree = "<group>"; };
		1423269A0E4CB3253FFA2706 /* Info.plist */ = {isa = PBXFileReference; lastKnownFileType = text.plist; path = Info.plist; sourceTree = "<group>"; };
		1A6C7D46BF78E6717711A72A /* SupabaseConfig.swift */ = {isa = PBXFileReference; lastKnownFileType = sourcecode.swift; path = SupabaseConfig.swift; sourceTree = "<group>"; };
		1A9FBD89DB688FAD90B5AB17 /* SupabaseSyncClient.swift */ = {isa = PBXFileReference; lastKnownFileType = sourcecode.swift; path = SupabaseSyncClient.swift; sourceTree = "<group>"; };
		1D9F1F060C584E065946D858 /* Seasons.entitlements */ = {isa = PBXFileReference; lastKnownFileType = text.plist.entitlements; path = Seasons.entitlements; sourceTree = "<group>"; };
		1E17A712F3CD17A2FB64BCDF /* CarbonDashboardView.swift */ = {isa = PBXFileReference; lastKnownFileType = sourcecode.swift; path = CarbonDashboardView.swift; sourceTree = "<group>"; };
		2A5805E3D492EC51C4DE4BD5 /* Favorite.swift */ = {isa = PBXFileReference; lastKnownFileType = sourcecode.swift; path = Favorite.swift; sourceTree = "<group>"; };
		2A6873E7747B1936F8D79C9F /* CarbonCalculationService.swift */ = {isa = PBXFileReference; lastKnownFileType = sourcecode.swift; path = CarbonCalculationService.swift; sourceTree = "<group>"; };
		2FC4D33C4A051977B5BA0A28 /* Assets.xcassets */ = {isa = PBXFileReference; lastKnownFileType = folder.assetcatalog; path = Assets.xcassets; sourceTree = "<group>"; };
		314310D7D1156CE2CE3195D3 /* RecipeListView.swift */ = {isa = PBXFileReference; lastKnownFileType = sourcecode.swift; path = RecipeListView.swift; sourceTree = "<group>"; };
		34A431D3659A448763968F32 /* ContentView.swift */ = {isa = PBXFileReference; lastKnownFileType = sourcecode.swift; path = ContentView.swift; sourceTree = "<group>"; };
		3978E20E8E93D08EEDF43C6F /* SeasonalListView.swift */ = {isa = PBXFileReference; lastKnownFileType = sourcecode.swift; path = SeasonalListView.swift; sourceTree = "<group>"; };
		3AFBF1CCE5AABF0FE33BB49F /* AuthServiceTests.swift */ = {isa = PBXFileReference; lastKnownFileType = sourcecode.swift; path = AuthServiceTests.swift; sourceTree = "<group>"; };
		3CA638D19FE3BEEC719D7666 /* Seasons.app */ = {isa = PBXFileReference; includeInIndex = 0; lastKnownFileType = wrapper.application; path = Seasons.app; sourceTree = BUILT_PRODUCTS_DIR; };
		46E3B5C8BB89FDF2ACD1A0C3 /* KeychainStoreTests.swift */ = {isa = PBXFileReference; lastKnownFileType = sourcecode.swift; path = KeychainStoreTests.swift; sourceTree = "<group>"; };
		492DE4386D05BAA3293DCEF5 /* CarbonLog.swift */ = {isa = PBXFileReference; lastKnownFileType = sourcecode.swift; path = CarbonLog.swift; sourceTree = "<group>"; };
		4A7F7CDB2BD9A3043DBC4215 /* RemoteModelsTests.swift */ = {isa = PBXFileReference; lastKnownFileType = sourcecode.swift; path = RemoteModelsTests.swift; sourceTree = "<group>"; };
		4E610B0F0193CE4EDEB611A1 /* Seasons.storekit */ = {isa = PBXFileReference; path = Seasons.storekit; sourceTree = "<group>"; };
		5025B505F192EF3770436698 /* seasonal_produce.json */ = {isa = PBXFileReference; lastKnownFileType = text.json; path = seasonal_produce.json; sourceTree = "<group>"; };
		5212FBF28BECFDD8B1F8E60E /* ProduceDetailView.swift */ = {isa = PBXFileReference; lastKnownFileType = sourcecode.swift; path = ProduceDetailView.swift; sourceTree = "<group>"; };
		5971522E2DC6297DEC19CA2C /* recipes.json */ = {isa = PBXFileReference; lastKnownFileType = text.json; path = recipes.json; sourceTree = "<group>"; };
		61248354345EA0B70D324011 /* GrowingRegion.swift */ = {isa = PBXFileReference; lastKnownFileType = sourcecode.swift; path = GrowingRegion.swift; sourceTree = "<group>"; };
		63B9B6D9053AC530ED4A5A3A /* SettingsView.swift */ = {isa = PBXFileReference; lastKnownFileType = sourcecode.swift; path = SettingsView.swift; sourceTree = "<group>"; };
		6E79483F95F9390299084BF1 /* SyncCoordinator.swift */ = {isa = PBXFileReference; lastKnownFileType = sourcecode.swift; path = SyncCoordinator.swift; sourceTree = "<group>"; };
		708D6202C60D11E0BBB57D51 /* RemoteModels.swift */ = {isa = PBXFileReference; lastKnownFileType = sourcecode.swift; path = RemoteModels.swift; sourceTree = "<group>"; };
		71D2CD03C505852232A3F2D4 /* KeychainStore.swift */ = {isa = PBXFileReference; lastKnownFileType = sourcecode.swift; path = KeychainStore.swift; sourceTree = "<group>"; };
		7A6136C6EC6FEAF72CDA83BF /* SyncService.swift */ = {isa = PBXFileReference; lastKnownFileType = sourcecode.swift; path = SyncService.swift; sourceTree = "<group>"; };
		80EB122F1746918E347DC8DB /* LocationService.swift */ = {isa = PBXFileReference; lastKnownFileType = sourcecode.swift; path = LocationService.swift; sourceTree = "<group>"; };
		89B2C032D8397B5B5AE9D382 /* SubscriptionService.swift */ = {isa = PBXFileReference; lastKnownFileType = sourcecode.swift; path = SubscriptionService.swift; sourceTree = "<group>"; };
		8CA4641E5D7540B63E0A572C /* ViewModelTests.swift */ = {isa = PBXFileReference; lastKnownFileType = sourcecode.swift; path = ViewModelTests.swift; sourceTree = "<group>"; };
		8CD62714559824FD325A5267 /* CarbonViewModel.swift */ = {isa = PBXFileReference; lastKnownFileType = sourcecode.swift; path = CarbonViewModel.swift; sourceTree = "<group>"; };
		A35B4498BC60A12BD10B1CE5 /* Color+Season.swift */ = {isa = PBXFileReference; lastKnownFileType = sourcecode.swift; path = "Color+Season.swift"; sourceTree = "<group>"; };
		A4DAC01483B03B870BCBB319 /* SeasonsApp.swift */ = {isa = PBXFileReference; lastKnownFileType = sourcecode.swift; path = SeasonsApp.swift; sourceTree = "<group>"; };
		AB087E9C8CAD0BB1BA424AF1 /* ModelTests.swift */ = {isa = PBXFileReference; lastKnownFileType = sourcecode.swift; path = ModelTests.swift; sourceTree = "<group>"; };
		AB627591CF760800E4C36C8C /* SeasonalViewModel.swift */ = {isa = PBXFileReference; lastKnownFileType = sourcecode.swift; path = SeasonalViewModel.swift; sourceTree = "<group>"; };
		AEB628DF02FE5E0CE1D013D8 /* RecipeViewModel.swift */ = {isa = PBXFileReference; lastKnownFileType = sourcecode.swift; path = RecipeViewModel.swift; sourceTree = "<group>"; };
		AEEC1DF9C67B33B7326B5A12 /* DataIntegrityTests.swift */ = {isa = PBXFileReference; lastKnownFileType = sourcecode.swift; path = DataIntegrityTests.swift; sourceTree = "<group>"; };
		B487483A751244459C7E9FEB /* AccountSheetView.swift */ = {isa = PBXFileReference; lastKnownFileType = sourcecode.swift; path = AccountSheetView.swift; sourceTree = "<group>"; };
		BDF7BED1E6B94D5B666CE1D9 /* SubscriptionServiceTests.swift */ = {isa = PBXFileReference; lastKnownFileType = sourcecode.swift; path = SubscriptionServiceTests.swift; sourceTree = "<group>"; };
		BEA7C4743FB995BD994F76CD /* OnboardingView.swift */ = {isa = PBXFileReference; lastKnownFileType = sourcecode.swift; path = OnboardingView.swift; sourceTree = "<group>"; };
		C02A09A7DFBC32870132756A /* AuthService.swift */ = {isa = PBXFileReference; lastKnownFileType = sourcecode.swift; path = AuthService.swift; sourceTree = "<group>"; };
		C097DF06DD7D6AC0D249D5CB /* PendingSyncDeletion.swift */ = {isa = PBXFileReference; lastKnownFileType = sourcecode.swift; path = PendingSyncDeletion.swift; sourceTree = "<group>"; };
		C9ED451C77364A5B4F8CCDF2 /* RecipeDetailView.swift */ = {isa = PBXFileReference; lastKnownFileType = sourcecode.swift; path = RecipeDetailView.swift; sourceTree = "<group>"; };
		C9FC51A5C4DF9547F7AEDD77 /* SyncBannerView.swift */ = {isa = PBXFileReference; lastKnownFileType = sourcecode.swift; path = SyncBannerView.swift; sourceTree = "<group>"; };
		D1C7384C6DCA84B4B546B007 /* FavoritesService.swift */ = {isa = PBXFileReference; lastKnownFileType = sourcecode.swift; path = FavoritesService.swift; sourceTree = "<group>"; };
		D62F59601C371945158E6F1C /* LocationServiceTests.swift */ = {isa = PBXFileReference; lastKnownFileType = sourcecode.swift; path = LocationServiceTests.swift; sourceTree = "<group>"; };
		D66A7EFC1896E04E1708CE29 /* SyncCoordinatorTests.swift */ = {isa = PBXFileReference; lastKnownFileType = sourcecode.swift; path = SyncCoordinatorTests.swift; sourceTree = "<group>"; };
		D7E05496A2FB0CE108A6077A /* Recipe.swift */ = {isa = PBXFileReference; lastKnownFileType = sourcecode.swift; path = Recipe.swift; sourceTree = "<group>"; };
		D819519680457F3F6E0200FD /* SupabaseConfig.swift.template */ = {isa = PBXFileReference; path = SupabaseConfig.swift.template; sourceTree = "<group>"; };
		E5CD2D5D8B90A901C7DB128B /* ProduceDataService.swift */ = {isa = PBXFileReference; lastKnownFileType = sourcecode.swift; path = ProduceDataService.swift; sourceTree = "<group>"; };
		E7ADF9CBBD146BA357A1CE8E /* SeasonsTests.xctest */ = {isa = PBXFileReference; includeInIndex = 0; lastKnownFileType = wrapper.cfbundle; path = SeasonsTests.xctest; sourceTree = BUILT_PRODUCTS_DIR; };
		EA8E7C60B4CE3060ABFF65EF /* SeasonsTests.swift */ = {isa = PBXFileReference; lastKnownFileType = sourcecode.swift; path = SeasonsTests.swift; sourceTree = "<group>"; };
		F86F645F22F676E517E64A4C /* RecipeDataService.swift */ = {isa = PBXFileReference; lastKnownFileType = sourcecode.swift; path = RecipeDataService.swift; sourceTree = "<group>"; };
/* End PBXFileReference section */

/* Begin PBXFrameworksBuildPhase section */
		72E6322363F5B8774392F79E /* Frameworks */ = {
			isa = PBXFrameworksBuildPhase;
			buildActionMask = 2147483647;
			files = (
				B414138C4536F486CA5713A6 /* Supabase in Frameworks */,
				0588AE9771065618881C0E93 /* GoogleSignIn in Frameworks */,
			);
			runOnlyForDeploymentPostprocessing = 0;
		};
/* End PBXFrameworksBuildPhase section */

/* Begin PBXGroup section */
		3266F4FA856274EC04EDE872 /* Recipes */ = {
			isa = PBXGroup;
			children = (
				C9ED451C77364A5B4F8CCDF2 /* RecipeDetailView.swift */,
				314310D7D1156CE2CE3195D3 /* RecipeListView.swift */,
			);
			path = Recipes;
			sourceTree = "<group>";
		};
		43867A0B90EFD9E88F459D24 /* Data */ = {
			isa = PBXGroup;
			children = (
				5971522E2DC6297DEC19CA2C /* recipes.json */,
				5025B505F192EF3770436698 /* seasonal_produce.json */,
			);
			path = Data;
			sourceTree = "<group>";
		};
		4572E9D98C0AB306DB7AC89F /* Components */ = {
			isa = PBXGroup;
			children = (
				C9FC51A5C4DF9547F7AEDD77 /* SyncBannerView.swift */,
			);
			path = Components;
			sourceTree = "<group>";
		};
		45E5689D208624C70D3EF933 /* Seasons */ = {
			isa = PBXGroup;
			children = (
				2FC4D33C4A051977B5BA0A28 /* Assets.xcassets */,
				34A431D3659A448763968F32 /* ContentView.swift */,
				1423269A0E4CB3253FFA2706 /* Info.plist */,
				1D9F1F060C584E065946D858 /* Seasons.entitlements */,
				4E610B0F0193CE4EDEB611A1 /* Seasons.storekit */,
				A4DAC01483B03B870BCBB319 /* SeasonsApp.swift */,
				627EF0B928ACF0C708F5A724 /* Config */,
				43867A0B90EFD9E88F459D24 /* Data */,
				A4066077ADA08014213F8226 /* Extensions */,
				5C7965EE79AFBC8370916E1B /* Models */,
				9292C3500EA0635E21D8C1D5 /* Preview Content */,
				5443642D039172A8D7E334E2 /* Services */,
				FF394CA533CB30273EB7CB4F /* ViewModels */,
				D612674B83D8AB97BF6E1D17 /* Views */,
			);
			path = Seasons;
			sourceTree = "<group>";
		};
		5443642D039172A8D7E334E2 /* Services */ = {
			isa = PBXGroup;
			children = (
				C02A09A7DFBC32870132756A /* AuthService.swift */,
				2A6873E7747B1936F8D79C9F /* CarbonCalculationService.swift */,
				D1C7384C6DCA84B4B546B007 /* FavoritesService.swift */,
				71D2CD03C505852232A3F2D4 /* KeychainStore.swift */,
				80EB122F1746918E347DC8DB /* LocationService.swift */,
				E5CD2D5D8B90A901C7DB128B /* ProduceDataService.swift */,
				F86F645F22F676E517E64A4C /* RecipeDataService.swift */,
				89B2C032D8397B5B5AE9D382 /* SubscriptionService.swift */,
				1A9FBD89DB688FAD90B5AB17 /* SupabaseSyncClient.swift */,
				0937E7CE31F20B3C95A49130 /* SyncClient.swift */,
				6E79483F95F9390299084BF1 /* SyncCoordinator.swift */,
				7A6136C6EC6FEAF72CDA83BF /* SyncService.swift */,
			);
			path = Services;
			sourceTree = "<group>";
		};
		5C7965EE79AFBC8370916E1B /* Models */ = {
			isa = PBXGroup;
			children = (
				492DE4386D05BAA3293DCEF5 /* CarbonLog.swift */,
				2A5805E3D492EC51C4DE4BD5 /* Favorite.swift */,
				61248354345EA0B70D324011 /* GrowingRegion.swift */,
				04520019B8C49FE4EF3011A0 /* NavigationDestination.swift */,
				C097DF06DD7D6AC0D249D5CB /* PendingSyncDeletion.swift */,
				077A905650B5FD70C2F9D4B1 /* ProduceItem.swift */,
				D7E05496A2FB0CE108A6077A /* Recipe.swift */,
				708D6202C60D11E0BBB57D51 /* RemoteModels.swift */,
			);
			path = Models;
			sourceTree = "<group>";
		};
		627EF0B928ACF0C708F5A724 /* Config */ = {
			isa = PBXGroup;
			children = (
				1A6C7D46BF78E6717711A72A /* SupabaseConfig.swift */,
				D819519680457F3F6E0200FD /* SupabaseConfig.swift.template */,
			);
			path = Config;
			sourceTree = "<group>";
		};
		9292C3500EA0635E21D8C1D5 /* Preview Content */ = {
			isa = PBXGroup;
			children = (
				1216D2423EFA9EED169DF5A8 /* Preview Assets.xcassets */,
			);
			path = "Preview Content";
			sourceTree = "<group>";
		};
		A4066077ADA08014213F8226 /* Extensions */ = {
			isa = PBXGroup;
			children = (
				A35B4498BC60A12BD10B1CE5 /* Color+Season.swift */,
			);
			path = Extensions;
			sourceTree = "<group>";
		};
		B0B16A34FB25640932DA22A6 /* Carbon */ = {
			isa = PBXGroup;
			children = (
				1E17A712F3CD17A2FB64BCDF /* CarbonDashboardView.swift */,
			);
			path = Carbon;
			sourceTree = "<group>";
		};
		B948B956E4DEB5B6037AD8CD /* Seasonal */ = {
			isa = PBXGroup;
			children = (
				5212FBF28BECFDD8B1F8E60E /* ProduceDetailView.swift */,
				3978E20E8E93D08EEDF43C6F /* SeasonalListView.swift */,
			);
			path = Seasonal;
			sourceTree = "<group>";
		};
		D216B0CF5D0AE3E62C97658B /* Onboarding */ = {
			isa = PBXGroup;
			children = (
				BEA7C4743FB995BD994F76CD /* OnboardingView.swift */,
			);
			path = Onboarding;
			sourceTree = "<group>";
		};
		D612674B83D8AB97BF6E1D17 /* Views */ = {
			isa = PBXGroup;
			children = (
				E512AE7052A0E09D1690919D /* Account */,
				B0B16A34FB25640932DA22A6 /* Carbon */,
				4572E9D98C0AB306DB7AC89F /* Components */,
				D216B0CF5D0AE3E62C97658B /* Onboarding */,
				3266F4FA856274EC04EDE872 /* Recipes */,
				B948B956E4DEB5B6037AD8CD /* Seasonal */,
			);
			path = Views;
			sourceTree = "<group>";
		};
		E512AE7052A0E09D1690919D /* Account */ = {
			isa = PBXGroup;
			children = (
				B487483A751244459C7E9FEB /* AccountSheetView.swift */,
				12A32AE02BDB60B6989FF642 /* PaywallView.swift */,
				63B9B6D9053AC530ED4A5A3A /* SettingsView.swift */,
			);
			path = Account;
			sourceTree = "<group>";
		};
		E9ED8ABF6B620A28CF307253 /* SeasonsTests */ = {
			isa = PBXGroup;
			children = (
				3AFBF1CCE5AABF0FE33BB49F /* AuthServiceTests.swift */,
				AEEC1DF9C67B33B7326B5A12 /* DataIntegrityTests.swift */,
				46E3B5C8BB89FDF2ACD1A0C3 /* KeychainStoreTests.swift */,
				D62F59601C371945158E6F1C /* LocationServiceTests.swift */,
				AB087E9C8CAD0BB1BA424AF1 /* ModelTests.swift */,
				4A7F7CDB2BD9A3043DBC4215 /* RemoteModelsTests.swift */,
				EA8E7C60B4CE3060ABFF65EF /* SeasonsTests.swift */,
				08733E4A7CD4D4DCAEAB9802 /* ServiceTests.swift */,
				BDF7BED1E6B94D5B666CE1D9 /* SubscriptionServiceTests.swift */,
				D66A7EFC1896E04E1708CE29 /* SyncCoordinatorTests.swift */,
				00563252469BE1B66FCE36A9 /* SyncServiceTests.swift */,
				8CA4641E5D7540B63E0A572C /* ViewModelTests.swift */,
			);
			path = SeasonsTests;
			sourceTree = "<group>";
		};
		EDD7B4D6748682D69C936D75 = {
			isa = PBXGroup;
			children = (
				45E5689D208624C70D3EF933 /* Seasons */,
				E9ED8ABF6B620A28CF307253 /* SeasonsTests */,
				F4029772F3F2E089356043B9 /* Products */,
			);
			sourceTree = "<group>";
		};
		F4029772F3F2E089356043B9 /* Products */ = {
			isa = PBXGroup;
			children = (
				3CA638D19FE3BEEC719D7666 /* Seasons.app */,
				E7ADF9CBBD146BA357A1CE8E /* SeasonsTests.xctest */,
			);
			name = Products;
			sourceTree = "<group>";
		};
		FF394CA533CB30273EB7CB4F /* ViewModels */ = {
			isa = PBXGroup;
			children = (
				8CD62714559824FD325A5267 /* CarbonViewModel.swift */,
				AEB628DF02FE5E0CE1D013D8 /* RecipeViewModel.swift */,
				AB627591CF760800E4C36C8C /* SeasonalViewModel.swift */,
			);
			path = ViewModels;
			sourceTree = "<group>";
		};
/* End PBXGroup section */

/* Begin PBXNativeTarget section */
		3E202D5A8ED3C7256D696BB1 /* Seasons */ = {
			isa = PBXNativeTarget;
			buildConfigurationList = 142C20C6CDE489AD42EE2970 /* Build configuration list for PBXNativeTarget "Seasons" */;
			buildPhases = (
				71B7CFBC7617AB0124C38A72 /* Sources */,
				8624BB9560726667CA942B12 /* Resources */,
				72E6322363F5B8774392F79E /* Frameworks */,
			);
			buildRules = (
			);
			dependencies = (
			);
			name = Seasons;
			packageProductDependencies = (
				CF116A19B91B1DCDC63B0494 /* Supabase */,
				857FB15776A245EB9A38269B /* GoogleSignIn */,
			);
			productName = Seasons;
			productReference = 3CA638D19FE3BEEC719D7666 /* Seasons.app */;
			productType = "com.apple.product-type.application";
		};
		5D4809D1951306CF3B3445F0 /* SeasonsTests */ = {
			isa = PBXNativeTarget;
			buildConfigurationList = 59A681F0B8B26D3C253D6E6F /* Build configuration list for PBXNativeTarget "SeasonsTests" */;
			buildPhases = (
				AE7FB514225F316272955D40 /* Sources */,
			);
			buildRules = (
			);
			dependencies = (
				2917DD61E062A08824F9EE23 /* PBXTargetDependency */,
			);
			name = SeasonsTests;
			packageProductDependencies = (
			);
			productName = SeasonsTests;
			productReference = E7ADF9CBBD146BA357A1CE8E /* SeasonsTests.xctest */;
			productType = "com.apple.product-type.bundle.unit-test";
		};
/* End PBXNativeTarget section */

/* Begin PBXProject section */
		95B31B9ED023EE48C1256168 /* Project object */ = {
			isa = PBXProject;
			attributes = {
				BuildIndependentTargetsInParallel = YES;
				LastUpgradeCheck = 1600;
				TargetAttributes = {
					3E202D5A8ED3C7256D696BB1 = {
						DevelopmentTeam = 3FWT3PM62W;
						ProvisioningStyle = Automatic;
					};
				};
			};
			buildConfigurationList = 122EE96B891670E661B8E5B5 /* Build configuration list for PBXProject "Seasons" */;
			compatibilityVersion = "Xcode 14.0";
			developmentRegion = en;
			hasScannedForEncodings = 0;
			knownRegions = (
				Base,
				en,
			);
			mainGroup = EDD7B4D6748682D69C936D75;
			minimizedProjectReferenceProxies = 1;
			packageReferences = (
				F396B76B1E582F603FB1D731 /* XCRemoteSwiftPackageReference "GoogleSignIn-iOS" */,
				70EE5A4F0030B35C17E813F3 /* XCRemoteSwiftPackageReference "supabase-swift" */,
			);
			preferredProjectObjectVersion = 77;
			projectDirPath = "";
			projectRoot = "";
			targets = (
				3E202D5A8ED3C7256D696BB1 /* Seasons */,
				5D4809D1951306CF3B3445F0 /* SeasonsTests */,
			);
		};
/* End PBXProject section */

/* Begin PBXResourcesBuildPhase section */
		8624BB9560726667CA942B12 /* Resources */ = {
			isa = PBXResourcesBuildPhase;
			buildActionMask = 2147483647;
			files = (
				9910713D528887191C2A797B /* Assets.xcassets in Resources */,
				8232D28378BBE446A92C0C91 /* Preview Assets.xcassets in Resources */,
				2253029819B58D4A657F58E3 /* Seasons.storekit in Resources */,
				C5725AD8B95F7AE63CD1460A /* SupabaseConfig.swift.template in Resources */,
				33CC745C7FB9B37608E7AB53 /* recipes.json in Resources */,
				30F18C7F80CA51951236778B /* seasonal_produce.json in Resources */,
			);
			runOnlyForDeploymentPostprocessing = 0;
		};
/* End PBXResourcesBuildPhase section */

/* Begin PBXSourcesBuildPhase section */
		71B7CFBC7617AB0124C38A72 /* Sources */ = {
			isa = PBXSourcesBuildPhase;
			buildActionMask = 2147483647;
			files = (
				20FE893E0EFCA13B883DF841 /* AccountSheetView.swift in Sources */,
				EDDC97A5F96029920490F0D6 /* AuthService.swift in Sources */,
				C85E98C79F0D3075F5CFAFC0 /* CarbonCalculationService.swift in Sources */,
				D650F3A6C8762275986DBC43 /* CarbonDashboardView.swift in Sources */,
				D676C924FCAA0320A5ADCB8E /* CarbonLog.swift in Sources */,
				288BD196422FBD4A58BC2010 /* CarbonViewModel.swift in Sources */,
				758FB75E82065D8019370BB1 /* Color+Season.swift in Sources */,
				5FEB023924A216D00230AEDE /* ContentView.swift in Sources */,
				FDB3891AD6A02BEAD50B2FF5 /* Favorite.swift in Sources */,
				E3C222853915FAC287603111 /* FavoritesService.swift in Sources */,
				70CDDBFD513B3116765BDAD5 /* GrowingRegion.swift in Sources */,
				136AC32513158E08696DC873 /* KeychainStore.swift in Sources */,
				ABE5DB2AA7E91C21401E7A9A /* LocationService.swift in Sources */,
				9CBF5CD5CDCCC6DA967F065D /* NavigationDestination.swift in Sources */,
				52B1B114900685CACD6AE14E /* OnboardingView.swift in Sources */,
				1483BCD2E8B4E6D27DF9F17F /* PaywallView.swift in Sources */,
				6DF03A54366D79295E609025 /* PendingSyncDeletion.swift in Sources */,
				3D99F56C57E1990A1EC441A6 /* ProduceDataService.swift in Sources */,
				DA8E085386BA8F2A45809795 /* ProduceDetailView.swift in Sources */,
				FC73A734A30796376101E015 /* ProduceItem.swift in Sources */,
				8C725E77655468FC0A8DA957 /* Recipe.swift in Sources */,
				2F7D028940CEAAC677B951C2 /* RecipeDataService.swift in Sources */,
				D2EB071C55829FC80E72117C /* RecipeDetailView.swift in Sources */,
				ED67FEC7DED5FB64C5E9C32F /* RecipeListView.swift in Sources */,
				B8678C9055AF49249D6A6E01 /* RecipeViewModel.swift in Sources */,
				5718A07630D51967644A12A0 /* RemoteModels.swift in Sources */,
				E28911C15C1C1870B686DBC1 /* SeasonalListView.swift in Sources */,
				90DE4814BB481DFC5489D0A8 /* SeasonalViewModel.swift in Sources */,
				C6C0FA97C4C329865B63D350 /* SeasonsApp.swift in Sources */,
				79478CDB53918D754AB5ACA2 /* SettingsView.swift in Sources */,
				B86AB07BE747D0EFF2A99761 /* SubscriptionService.swift in Sources */,
				C5DE6B5055400A93131A07A9 /* SupabaseConfig.swift in Sources */,
				F0E586CC30B1AFA911B818E4 /* SupabaseSyncClient.swift in Sources */,
				888C374CC0CDB0607ED4B082 /* SyncBannerView.swift in Sources */,
				39E9405E29319FA1CDEEAB7A /* SyncClient.swift in Sources */,
				EA2E89B9E5F92C83F1ED42D5 /* SyncCoordinator.swift in Sources */,
				637005635CFC59FFA52ACA65 /* SyncService.swift in Sources */,
			);
			runOnlyForDeploymentPostprocessing = 0;
		};
		AE7FB514225F316272955D40 /* Sources */ = {
			isa = PBXSourcesBuildPhase;
			buildActionMask = 2147483647;
			files = (
				AAC50506F5682CA6184FB15E /* AuthServiceTests.swift in Sources */,
				F2AE5B63C3AAF24F39CD98B4 /* DataIntegrityTests.swift in Sources */,
				39809872D5DDEACF2701B8CB /* KeychainStoreTests.swift in Sources */,
				EAF7BB11F179A36B2FCA2E87 /* LocationServiceTests.swift in Sources */,
				BFEB699FBA9C555A50ADC19D /* ModelTests.swift in Sources */,
				A183E3C83FA8D17F68ABE10F /* RemoteModelsTests.swift in Sources */,
				7A47C86451707D1ACB5CB4F5 /* SeasonsTests.swift in Sources */,
				E07BDCF27688B6A7F0EBE1B6 /* ServiceTests.swift in Sources */,
				BF431292B3EC1FD04DC8E232 /* SubscriptionServiceTests.swift in Sources */,
				71C0A5D5C55F1B5371FF9D97 /* SyncCoordinatorTests.swift in Sources */,
				F415095FF8CA8F90C4DA28BD /* SyncServiceTests.swift in Sources */,
				E007C79E8726379189E3E6B1 /* ViewModelTests.swift in Sources */,
			);
			runOnlyForDeploymentPostprocessing = 0;
		};
/* End PBXSourcesBuildPhase section */

/* Begin PBXTargetDependency section */
		2917DD61E062A08824F9EE23 /* PBXTargetDependency */ = {
			isa = PBXTargetDependency;
			target = 3E202D5A8ED3C7256D696BB1 /* Seasons */;
			targetProxy = F0663E2BFC0B88CEEBC96878 /* PBXContainerItemProxy */;
		};
/* End PBXTargetDependency section */

/* Begin XCBuildConfiguration section */
		116454824A0247F0E8554C0C /* Debug */ = {
			isa = XCBuildConfiguration;
			buildSettings = {
				ALWAYS_SEARCH_USER_PATHS = NO;
				CLANG_ANALYZER_NONNULL = YES;
				CLANG_ANALYZER_NUMBER_OBJECT_CONVERSION = YES_AGGRESSIVE;
				CLANG_CXX_LANGUAGE_STANDARD = "gnu++14";
				CLANG_CXX_LIBRARY = "libc++";
				CLANG_ENABLE_MODULES = YES;
				CLANG_ENABLE_OBJC_ARC = YES;
				CLANG_ENABLE_OBJC_WEAK = YES;
				CLANG_WARN_BLOCK_CAPTURE_AUTORELEASING = YES;
				CLANG_WARN_BOOL_CONVERSION = YES;
				CLANG_WARN_COMMA = YES;
				CLANG_WARN_CONSTANT_CONVERSION = YES;
				CLANG_WARN_DEPRECATED_OBJC_IMPLEMENTATIONS = YES;
				CLANG_WARN_DIRECT_OBJC_ISA_USAGE = YES_ERROR;
				CLANG_WARN_DOCUMENTATION_COMMENTS = YES;
				CLANG_WARN_EMPTY_BODY = YES;
				CLANG_WARN_ENUM_CONVERSION = YES;
				CLANG_WARN_INFINITE_RECURSION = YES;
				CLANG_WARN_INT_CONVERSION = YES;
				CLANG_WARN_NON_LITERAL_NULL_CONVERSION = YES;
				CLANG_WARN_OBJC_IMPLICIT_RETAIN_SELF = YES;
				CLANG_WARN_OBJC_LITERAL_CONVERSION = YES;
				CLANG_WARN_OBJC_ROOT_CLASS = YES_ERROR;
				CLANG_WARN_QUOTED_INCLUDE_IN_FRAMEWORK_HEADER = YES;
				CLANG_WARN_RANGE_LOOP_ANALYSIS = YES;
				CLANG_WARN_STRICT_PROTOTYPES = YES;
				CLANG_WARN_SUSPICIOUS_MOVE = YES;
				CLANG_WARN_UNGUARDED_AVAILABILITY = YES_AGGRESSIVE;
				CLANG_WARN_UNREACHABLE_CODE = YES;
				CLANG_WARN__DUPLICATE_METHOD_MATCH = YES;
				COPY_PHASE_STRIP = NO;
				DEBUG_INFORMATION_FORMAT = dwarf;
				ENABLE_STRICT_OBJC_MSGSEND = YES;
				ENABLE_TESTABILITY = YES;
				GCC_C_LANGUAGE_STANDARD = gnu11;
				GCC_DYNAMIC_NO_PIC = NO;
				GCC_NO_COMMON_BLOCKS = YES;
				GCC_OPTIMIZATION_LEVEL = 0;
				GCC_PREPROCESSOR_DEFINITIONS = (
					"$(inherited)",
					"DEBUG=1",
				);
				GCC_WARN_64_TO_32_BIT_CONVERSION = YES;
				GCC_WARN_ABOUT_RETURN_TYPE = YES_ERROR;
				GCC_WARN_UNDECLARED_SELECTOR = YES;
				GCC_WARN_UNINITIALIZED_AUTOS = YES_AGGRESSIVE;
				GCC_WARN_UNUSED_FUNCTION = YES;
				GCC_WARN_UNUSED_VARIABLE = YES;
				GENERATE_INFOPLIST_FILE = YES;
				IPHONEOS_DEPLOYMENT_TARGET = 17.0;
				MTL_ENABLE_DEBUG_INFO = INCLUDE_SOURCE;
				MTL_FAST_MATH = YES;
				ONLY_ACTIVE_ARCH = YES;
				PRODUCT_NAME = "$(TARGET_NAME)";
				SDKROOT = iphoneos;
				SWIFT_ACTIVE_COMPILATION_CONDITIONS = DEBUG;
				SWIFT_OPTIMIZATION_LEVEL = "-Onone";
				SWIFT_VERSION = 5.9;
			};
			name = Debug;
		};
		477EAAAB7A090DB1047CD605 /* Debug */ = {
			isa = XCBuildConfiguration;
			buildSettings = {
				ASSETCATALOG_COMPILER_APPICON_NAME = AppIcon;
				CODE_SIGN_ENTITLEMENTS = Seasons/Seasons.entitlements;
				CODE_SIGN_IDENTITY = "iPhone Developer";
				CODE_SIGN_STYLE = Automatic;
				CURRENT_PROJECT_VERSION = 1;
				DEVELOPMENT_TEAM = 3FWT3PM62W;
				INFOPLIST_FILE = Seasons/Info.plist;
				LD_RUNPATH_SEARCH_PATHS = (
					"$(inherited)",
					"@executable_path/Frameworks",
				);
				MARKETING_VERSION = 1.0.0;
				PRODUCT_BUNDLE_IDENTIFIER = com.kiransmelser.seasons;
				SDKROOT = iphoneos;
				TARGETED_DEVICE_FAMILY = "1,2";
			};
			name = Debug;
		};
		617D5800A8711D51406EB0CF /* Release */ = {
			isa = XCBuildConfiguration;
			buildSettings = {
				ASSETCATALOG_COMPILER_APPICON_NAME = AppIcon;
				CODE_SIGN_ENTITLEMENTS = Seasons/Seasons.entitlements;
				CODE_SIGN_IDENTITY = "iPhone Developer";
				CODE_SIGN_STYLE = Automatic;
				CURRENT_PROJECT_VERSION = 1;
				DEVELOPMENT_TEAM = 3FWT3PM62W;
				INFOPLIST_FILE = Seasons/Info.plist;
				LD_RUNPATH_SEARCH_PATHS = (
					"$(inherited)",
					"@executable_path/Frameworks",
				);
				MARKETING_VERSION = 1.0.0;
				PRODUCT_BUNDLE_IDENTIFIER = com.kiransmelser.seasons;
				SDKROOT = iphoneos;
				TARGETED_DEVICE_FAMILY = "1,2";
			};
			name = Release;
		};
		9E77A3649A743012664738A7 /* Debug */ = {
			isa = XCBuildConfiguration;
			buildSettings = {
				BUNDLE_LOADER = "$(TEST_HOST)";
				LD_RUNPATH_SEARCH_PATHS = (
					"$(inherited)",
					"@executable_path/Frameworks",
					"@loader_path/Frameworks",
				);
				PRODUCT_BUNDLE_IDENTIFIER = com.kiransmelser.seasons.tests;
				SDKROOT = iphoneos;
				TARGETED_DEVICE_FAMILY = "1,2";
				TEST_HOST = "$(BUILT_PRODUCTS_DIR)/Seasons.app/Seasons";
			};
			name = Debug;
		};
		C63865C3A81426E2F62643F9 /* Release */ = {
			isa = XCBuildConfiguration;
			buildSettings = {
				BUNDLE_LOADER = "$(TEST_HOST)";
				LD_RUNPATH_SEARCH_PATHS = (
					"$(inherited)",
					"@executable_path/Frameworks",
					"@loader_path/Frameworks",
				);
				PRODUCT_BUNDLE_IDENTIFIER = com.kiransmelser.seasons.tests;
				SDKROOT = iphoneos;
				TARGETED_DEVICE_FAMILY = "1,2";
				TEST_HOST = "$(BUILT_PRODUCTS_DIR)/Seasons.app/Seasons";
			};
			name = Release;
		};
		DFA6DF68E739442D8CE1EA81 /* Release */ = {
			isa = XCBuildConfiguration;
			buildSettings = {
				ALWAYS_SEARCH_USER_PATHS = NO;
				CLANG_ANALYZER_NONNULL = YES;
				CLANG_ANALYZER_NUMBER_OBJECT_CONVERSION = YES_AGGRESSIVE;
				CLANG_CXX_LANGUAGE_STANDARD = "gnu++14";
				CLANG_CXX_LIBRARY = "libc++";
				CLANG_ENABLE_MODULES = YES;
				CLANG_ENABLE_OBJC_ARC = YES;
				CLANG_ENABLE_OBJC_WEAK = YES;
				CLANG_WARN_BLOCK_CAPTURE_AUTORELEASING = YES;
				CLANG_WARN_BOOL_CONVERSION = YES;
				CLANG_WARN_COMMA = YES;
				CLANG_WARN_CONSTANT_CONVERSION = YES;
				CLANG_WARN_DEPRECATED_OBJC_IMPLEMENTATIONS = YES;
				CLANG_WARN_DIRECT_OBJC_ISA_USAGE = YES_ERROR;
				CLANG_WARN_DOCUMENTATION_COMMENTS = YES;
				CLANG_WARN_EMPTY_BODY = YES;
				CLANG_WARN_ENUM_CONVERSION = YES;
				CLANG_WARN_INFINITE_RECURSION = YES;
				CLANG_WARN_INT_CONVERSION = YES;
				CLANG_WARN_NON_LITERAL_NULL_CONVERSION = YES;
				CLANG_WARN_OBJC_IMPLICIT_RETAIN_SELF = YES;
				CLANG_WARN_OBJC_LITERAL_CONVERSION = YES;
				CLANG_WARN_OBJC_ROOT_CLASS = YES_ERROR;
				CLANG_WARN_QUOTED_INCLUDE_IN_FRAMEWORK_HEADER = YES;
				CLANG_WARN_RANGE_LOOP_ANALYSIS = YES;
				CLANG_WARN_STRICT_PROTOTYPES = YES;
				CLANG_WARN_SUSPICIOUS_MOVE = YES;
				CLANG_WARN_UNGUARDED_AVAILABILITY = YES_AGGRESSIVE;
				CLANG_WARN_UNREACHABLE_CODE = YES;
				CLANG_WARN__DUPLICATE_METHOD_MATCH = YES;
				COPY_PHASE_STRIP = NO;
				DEBUG_INFORMATION_FORMAT = "dwarf-with-dsym";
				ENABLE_NS_ASSERTIONS = NO;
				ENABLE_STRICT_OBJC_MSGSEND = YES;
				GCC_C_LANGUAGE_STANDARD = gnu11;
				GCC_NO_COMMON_BLOCKS = YES;
				GCC_WARN_64_TO_32_BIT_CONVERSION = YES;
				GCC_WARN_ABOUT_RETURN_TYPE = YES_ERROR;
				GCC_WARN_UNDECLARED_SELECTOR = YES;
				GCC_WARN_UNINITIALIZED_AUTOS = YES_AGGRESSIVE;
				GCC_WARN_UNUSED_FUNCTION = YES;
				GCC_WARN_UNUSED_VARIABLE = YES;
				GENERATE_INFOPLIST_FILE = YES;
				IPHONEOS_DEPLOYMENT_TARGET = 17.0;
				MTL_ENABLE_DEBUG_INFO = NO;
				MTL_FAST_MATH = YES;
				PRODUCT_NAME = "$(TARGET_NAME)";
				SDKROOT = iphoneos;
				SWIFT_COMPILATION_MODE = wholemodule;
				SWIFT_OPTIMIZATION_LEVEL = "-O";
				SWIFT_VERSION = 5.9;
			};
			name = Release;
		};
/* End XCBuildConfiguration section */

/* Begin XCConfigurationList section */
		122EE96B891670E661B8E5B5 /* Build configuration list for PBXProject "Seasons" */ = {
			isa = XCConfigurationList;
			buildConfigurations = (
				116454824A0247F0E8554C0C /* Debug */,
				DFA6DF68E739442D8CE1EA81 /* Release */,
			);
			defaultConfigurationIsVisible = 0;
			defaultConfigurationName = Debug;
		};
		142C20C6CDE489AD42EE2970 /* Build configuration list for PBXNativeTarget "Seasons" */ = {
			isa = XCConfigurationList;
			buildConfigurations = (
				477EAAAB7A090DB1047CD605 /* Debug */,
				617D5800A8711D51406EB0CF /* Release */,
			);
			defaultConfigurationIsVisible = 0;
			defaultConfigurationName = Debug;
		};
		59A681F0B8B26D3C253D6E6F /* Build configuration list for PBXNativeTarget "SeasonsTests" */ = {
			isa = XCConfigurationList;
			buildConfigurations = (
				9E77A3649A743012664738A7 /* Debug */,
				C63865C3A81426E2F62643F9 /* Release */,
			);
			defaultConfigurationIsVisible = 0;
			defaultConfigurationName = Debug;
		};
/* End XCConfigurationList section */

/* Begin XCRemoteSwiftPackageReference section */
		70EE5A4F0030B35C17E813F3 /* XCRemoteSwiftPackageReference "supabase-swift" */ = {
			isa = XCRemoteSwiftPackageReference;
			repositoryURL = "https://github.com/supabase/supabase-swift";
			requirement = {
				kind = exactVersion;
				version = 2.41.1;
			};
		};
		F396B76B1E582F603FB1D731 /* XCRemoteSwiftPackageReference "GoogleSignIn-iOS" */ = {
			isa = XCRemoteSwiftPackageReference;
			repositoryURL = "https://github.com/google/GoogleSignIn-iOS";
			requirement = {
				kind = exactVersion;
				version = 9.1.0;
			};
		};
/* End XCRemoteSwiftPackageReference section */

/* Begin XCSwiftPackageProductDependency section */
		857FB15776A245EB9A38269B /* GoogleSignIn */ = {
			isa = XCSwiftPackageProductDependency;
			package = F396B76B1E582F603FB1D731 /* XCRemoteSwiftPackageReference "GoogleSignIn-iOS" */;
			productName = GoogleSignIn;
		};
		CF116A19B91B1DCDC63B0494 /* Supabase */ = {
			isa = XCSwiftPackageProductDependency;
			package = 70EE5A4F0030B35C17E813F3 /* XCRemoteSwiftPackageReference "supabase-swift" */;
			productName = Supabase;
		};
/* End XCSwiftPackageProductDependency section */
	};
	rootObject = 95B31B9ED023EE48C1256168 /* Project object */;
}
